
Microsoft Visual Studio Solution File, Format Version 12.00
# Visual Studio Version 17
VisualStudioVersion = 17.1.31911.260
MinimumVisualStudioVersion = 10.0.40219.1
Project("{2150E333-8FDC-42A3-9474-1A3956D46DE8}") = "Core", "Core", "{FDB7ED66-5D66-4FA6-94F2-C050C069C115}"
EndProject
Project("{2150E333-8FDC-42A3-9474-1A3956D46DE8}") = "Client", "Client", "{27B81F41-4905-46AD-A819-A3FD7665309F}"
EndProject
Project("{9A19103F-16F7-4668-BE54-9A1E7A4F7556}") = "Domain", "Domain\Domain.csproj", "{9FAB7679-E691-4CA4-A606-4C87410E0171}"
EndProject
Project("{9A19103F-16F7-4668-BE54-9A1E7A4F7556}") = "Application", "Application\Application.csproj", "{4B0C6D8F-AD0A-4838-B0B3-F499BFC3B5B9}"
EndProject
Project("{9A19103F-16F7-4668-BE54-9A1E7A4F7556}") = "WebApi", "WebApi\WebApi.csproj", "{7174B08D-106F-4FF8-9E18-44B254DA5334}"
EndProject
Project("{2150E333-8FDC-42A3-9474-1A3956D46DE8}") = "Tests", "Tests", "{75220EB2-BD9F-4E41-B28C-0AA0A9A4D9CC}"
EndProject
Project("{9A19103F-16F7-4668-BE54-9A1E7A4F7556}") = "TestConsole", "TestConsole\TestConsole.csproj", "{C76D739F-C88B-47C5-89A5-987388A7EAF1}"
EndProject
Global
	GlobalSection(SolutionConfigurationPlatforms) = preSolution
		Debug|Any CPU = Debug|Any CPU
		Release|Any CPU = Release|Any CPU
	EndGlobalSection
	GlobalSection(ProjectConfigurationPlatforms) = postSolution
		{9FAB7679-E691-4CA4-A606-4C87410E0171}.Debug|Any CPU.ActiveCfg = Debug|Any CPU
		{9FAB7679-E691-4CA4-A606-4C87410E0171}.Debug|Any CPU.Build.0 = Debug|Any CPU
		{9FAB7679-E691-4CA4-A606-4C87410E0171}.Release|Any CPU.ActiveCfg = Release|Any CPU
		{9FAB7679-E691-4CA4-A606-4C87410E0171}.Release|Any CPU.Build.0 = Release|Any CPU
		{4B0C6D8F-AD0A-4838-B0B3-F499BFC3B5B9}.Debug|Any CPU.ActiveCfg = Debug|Any CPU
		{4B0C6D8F-AD0A-4838-B0B3-F499BFC3B5B9}.Debug|Any CPU.Build.0 = Debug|Any CPU
		{4B0C6D8F-AD0A-4838-B0B3-F499BFC3B5B9}.Release|Any CPU.ActiveCfg = Release|Any CPU
		{4B0C6D8F-AD0A-4838-B0B3-F499BFC3B5B9}.Release|Any CPU.Build.0 = Release|Any CPU
		{7174B08D-106F-4FF8-9E18-44B254DA5334}.Debug|Any CPU.ActiveCfg = Debug|Any CPU
		{7174B08D-106F-4FF8-9E18-44B254DA5334}.Debug|Any CPU.Build.0 = Debug|Any CPU
		{7174B08D-106F-4FF8-9E18-44B254DA5334}.Release|Any CPU.ActiveCfg = Release|Any CPU
		{7174B08D-106F-4FF8-9E18-44B254DA5334}.Release|Any CPU.Build.0 = Release|Any CPU
		{C76D739F-C88B-47C5-89A5-987388A7EAF1}.Debug|Any CPU.ActiveCfg = Debug|Any CPU
		{C76D739F-C88B-47C5-89A5-987388A7EAF1}.Debug|Any CPU.Build.0 = Debug|Any CPU
		{C76D739F-C88B-47C5-89A5-987388A7EAF1}.Release|Any CPU.ActiveCfg = Release|Any CPU
		{C76D739F-C88B-47C5-89A5-987388A7EAF1}.Release|Any CPU.Build.0 = Release|Any CPU
	EndGlobalSection
	GlobalSection(SolutionProperties) = preSolution
		HideSolutionNode = FALSE
	EndGlobalSection
	GlobalSection(NestedProjects) = preSolution
		{9FAB7679-E691-4CA4-A606-4C87410E0171} = {FDB7ED66-5D66-4FA6-94F2-C050C069C115}
		{4B0C6D8F-AD0A-4838-B0B3-F499BFC3B5B9} = {FDB7ED66-5D66-4FA6-94F2-C050C069C115}
		{7174B08D-106F-4FF8-9E18-44B254DA5334} = {27B81F41-4905-46AD-A819-A3FD7665309F}
		{C76D739F-C88B-47C5-89A5-987388A7EAF1} = {75220EB2-BD9F-4E41-B28C-0AA0A9A4D9CC}
	EndGlobalSection
	GlobalSection(ExtensibilityGlobals) = postSolution
		SolutionGuid = {80E09276-322D-467B-9906-66373C1A5C88}
	EndGlobalSection
EndGlobal
